
Microsoft Visual Studio Solution File, Format Version 12.00
# Visual Studio Version 16
VisualStudioVersion = 16.0.31702.278
MinimumVisualStudioVersion = 10.0.40219.1
Project("{9A19103F-16F7-4668-BE54-9A1E7A4F7556}") = "a10vthunder-orchestrator", "a10vthunder-orchestrator\a10vthunder-orchestrator.csproj", "{0E9426F8-B45E-4266-BB6C-7942D1B6B650}"
EndProject
Global
	GlobalSection(SolutionConfigurationPlatforms) = preSolution
		Debug|Any CPU = Debug|Any CPU
		Release|Any CPU = Release|Any CPU
	EndGlobalSection
	GlobalSection(ProjectConfigurationPlatforms) = postSolution
		{0E9426F8-B45E-4266-BB6C-7942D1B6B650}.Debug|Any CPU.ActiveCfg = Debug|Any CPU
		{0E9426F8-B45E-4266-BB6C-7942D1B6B650}.Debug|Any CPU.Build.0 = Debug|Any CPU
		{0E9426F8-B45E-4266-BB6C-7942D1B6B650}.Release|Any CPU.ActiveCfg = Release|Any CPU
		{0E9426F8-B45E-4266-BB6C-7942D1B6B650}.Release|Any CPU.Build.0 = Release|Any CPU
	EndGlobalSection
	GlobalSection(SolutionProperties) = preSolution
		HideSolutionNode = FALSE
	EndGlobalSection
	GlobalSection(ExtensibilityGlobals) = postSolution
		SolutionGuid = {C9CA0496-DCB2-49B7-9D70-A6B1DACB282F}
	EndGlobalSection
EndGlobal
